<?xml version="1.0" encoding="UTF-8" standalone="yes" ?>
<CodeBlocks_project_file>
	<FileVersion major="1" minor="6" />
	<Project>
		<Option title="food_automation" />
		<Option pch_mode="2" />
		<Option compiler="gcc" />
		<Build>
			<Target title="Debug">
				<Option output="bin/Debug/food_automation" prefix_auto="1" extension_auto="1" />
				<Option object_output="obj/Debug/" />
				<Option type="1" />
				<Option compiler="gcc" />
				<Compiler>
					<Add option="-g" />
				</Compiler>
			</Target>
			<Target title="Release">
				<Option output="bin/Release/food_automation" prefix_auto="1" extension_auto="1" />
				<Option object_output="obj/Release/" />
				<Option type="1" />
				<Option compiler="gcc" />
				<Compiler>
					<Add option="-O2" />
				</Compiler>
				<Linker>
					<Add option="-s" />
				</Linker>
			</Target>
		</Build>
		<Compiler>
			<Add option="-Wall" />
			<Add option="-fexceptions" />
		</Compiler>
		<Unit filename="food_automation.cbp" />
		<Unit filename="food_automation.depend" />
		<Unit filename="food_automation.layout" />
		<Unit filename="include/admin.hpp" />
		<Unit filename="include/dining_hall.hpp" />
		<Unit filename="include/meal.hpp" />
		<Unit filename="include/meal_type.hpp" />
		<Unit filename="include/panel.hpp" />
		<Unit filename="include/reservation.hpp" />
		<Unit filename="include/reservation_status.hpp" />
		<Unit filename="include/reserve_day.hpp" />
		<Unit filename="include/student.hpp" />
		<Unit filename="include/user.hpp" />
		<Unit filename="main.cpp" />
		<Unit filename="src/additonal_data_types.cpp" />
		<Unit filename="src/admin.cpp" />
		<Unit filename="src/dining_hall.cpp" />
		<Unit filename="src/meal.cpp" />
		<Unit filename="src/panel.cpp" />
		<Unit filename="src/reservation.cpp" />
		<Unit filename="src/student.cpp" />
		<Unit filename="src/system.cpp" />
		<Unit filename="src/user.cpp" />
		<Extensions>
			<lib_finder disable_auto="1" />
		</Extensions>
	</Project>
</CodeBlocks_project_file>
